
Microsoft Visual Studio Solution File, Format Version 12.00
# Visual Studio Version 17
VisualStudioVersion = 17.5.33627.172
MinimumVisualStudioVersion = 10.0.40219.1
Project("{FAE04EC0-301F-11D3-BF4B-00C04F79EFBC}") = "JwtWebApi", "JwtWebApi\JwtWebApi.csproj", "{A951CB90-6309-4404-A2B1-3C96227064A0}"
EndProject
Global
	GlobalSection(SolutionConfigurationPlatforms) = preSolution
		Debug|Any CPU = Debug|Any CPU
		Release|Any CPU = Release|Any CPU
	EndGlobalSection
	GlobalSection(ProjectConfigurationPlatforms) = postSolution
		{A951CB90-6309-4404-A2B1-3C96227064A0}.Debug|Any CPU.ActiveCfg = Debug|Any CPU
		{A951CB90-6309-4404-A2B1-3C96227064A0}.Debug|Any CPU.Build.0 = Debug|Any CPU
		{A951CB90-6309-4404-A2B1-3C96227064A0}.Release|Any CPU.ActiveCfg = Release|Any CPU
		{A951CB90-6309-4404-A2B1-3C96227064A0}.Release|Any CPU.Build.0 = Release|Any CPU
	EndGlobalSection
	GlobalSection(SolutionProperties) = preSolution
		HideSolutionNode = FALSE
	EndGlobalSection
	GlobalSection(ExtensibilityGlobals) = postSolution
		SolutionGuid = {20B060CC-0A4A-4D63-BD50-9713849E664A}
	EndGlobalSection
EndGlobal
